
Microsoft Visual Studio Solution File, Format Version 12.00
# Visual Studio Version 17
VisualStudioVersion = 17.8.34309.116
MinimumVisualStudioVersion = 10.0.40219.1
Project("{FAE04EC0-301F-11D3-BF4B-00C04F79EFBC}") = "Task1", "Task1\Task1.csproj", "{2EAF1DB5-C0DC-48A7-B3D5-0F4DDE65ECB3}"
EndProject
Project("{FAE04EC0-301F-11D3-BF4B-00C04F79EFBC}") = "Task2", "Task2\Task2.csproj", "{F901378B-5119-4B39-B848-41635A3C8236}"
EndProject
Project("{FAE04EC0-301F-11D3-BF4B-00C04F79EFBC}") = "Task3", "Task3\Task3.csproj", "{3244F247-5F7E-4745-B641-C7523B37384D}"
EndProject
Global
	GlobalSection(SolutionConfigurationPlatforms) = preSolution
		Debug|Any CPU = Debug|Any CPU
		Release|Any CPU = Release|Any CPU
	EndGlobalSection
	GlobalSection(ProjectConfigurationPlatforms) = postSolution
		{2EAF1DB5-C0DC-48A7-B3D5-0F4DDE65ECB3}.Debug|Any CPU.ActiveCfg = Debug|Any CPU
		{2EAF1DB5-C0DC-48A7-B3D5-0F4DDE65ECB3}.Debug|Any CPU.Build.0 = Debug|Any CPU
		{2EAF1DB5-C0DC-48A7-B3D5-0F4DDE65ECB3}.Release|Any CPU.ActiveCfg = Release|Any CPU
		{2EAF1DB5-C0DC-48A7-B3D5-0F4DDE65ECB3}.Release|Any CPU.Build.0 = Release|Any CPU
		{F901378B-5119-4B39-B848-41635A3C8236}.Debug|Any CPU.ActiveCfg = Debug|Any CPU
		{F901378B-5119-4B39-B848-41635A3C8236}.Debug|Any CPU.Build.0 = Debug|Any CPU
		{F901378B-5119-4B39-B848-41635A3C8236}.Release|Any CPU.ActiveCfg = Release|Any CPU
		{F901378B-5119-4B39-B848-41635A3C8236}.Release|Any CPU.Build.0 = Release|Any CPU
		{3244F247-5F7E-4745-B641-C7523B37384D}.Debug|Any CPU.ActiveCfg = Debug|Any CPU
		{3244F247-5F7E-4745-B641-C7523B37384D}.Debug|Any CPU.Build.0 = Debug|Any CPU
		{3244F247-5F7E-4745-B641-C7523B37384D}.Release|Any CPU.ActiveCfg = Release|Any CPU
		{3244F247-5F7E-4745-B641-C7523B37384D}.Release|Any CPU.Build.0 = Release|Any CPU
	EndGlobalSection
	GlobalSection(SolutionProperties) = preSolution
		HideSolutionNode = FALSE
	EndGlobalSection
	GlobalSection(ExtensibilityGlobals) = postSolution
		SolutionGuid = {1E49EAA8-F93A-4D95-8137-2918EC9C7263}
	EndGlobalSection
EndGlobal
